// !$*UTF8*$!
{
	archiveVersion = 1;
	classes = {
	};
	objectVersion = 55;
	objects = {

/* Begin PBXBuildFile section */
		FFFDA217271F62E2001E313C /* AppDelegate.swift in Sources */ = {isa = PBXBuildFile; fileRef = FFFDA216271F62E2001E313C /* AppDelegate.swift */; };
		FFFDA219271F62E2001E313C /* SceneDelegate.swift in Sources */ = {isa = PBXBuildFile; fileRef = FFFDA218271F62E2001E313C /* SceneDelegate.swift */; };
		FFFDA21B271F62E2001E313C /* ViewController.swift in Sources */ = {isa = PBXBuildFile; fileRef = FFFDA21A271F62E2001E313C /* ViewController.swift */; };
		FFFDA21E271F62E2001E313C /* Main.storyboard in Resources */ = {isa = PBXBuildFile; fileRef = FFFDA21C271F62E2001E313C /* Main.storyboard */; };
		FFFDA220271F62E4001E313C /* Assets.xcassets in Resources */ = {isa = PBXBuildFile; fileRef = FFFDA21F271F62E4001E313C /* Assets.xcassets */; };
		FFFDA223271F62E4001E313C /* LaunchScreen.storyboard in Resources */ = {isa = PBXBuildFile; fileRef = FFFDA221271F62E4001E313C /* LaunchScreen.storyboard */; };
		FFFDA22E271FBD0E001E313C /* LocationTableViewController.swift in Sources */ = {isa = PBXBuildFile; fileRef = FFFDA22D271FBD0E001E313C /* LocationTableViewController.swift */; };
/* End PBXBuildFile section */

/* Begin PBXFileReference section */
		FFFDA213271F62E2001E313C /* WeatherExtension.app */ = {isa = PBXFileReference; explicitFileType = wrapper.application; includeInIndex = 0; path = WeatherExtension.app; sourceTree = BUILT_PRODUCTS_DIR; };
		FFFDA216271F62E2001E313C /* AppDelegate.swift */ = {isa = PBXFileReference; lastKnownFileType = sourcecode.swift; path = AppDelegate.swift; sourceTree = "<group>"; };
		FFFDA218271F62E2001E313C /* SceneDelegate.swift */ = {isa = PBXFileReference; lastKnownFileType = sourcecode.swift; path = SceneDelegate.swift; sourceTree = "<group>"; };
		FFFDA21A271F62E2001E313C /* ViewController.swift */ = {isa = PBXFileReference; lastKnownFileType = sourcecode.swift; path = ViewController.swift; sourceTree = "<group>"; };
		FFFDA21D271F62E2001E313C /* Base */ = {isa = PBXFileReference; lastKnownFileType = file.storyboard; name = Base; path = Base.lproj/Main.storyboard; sourceTree = "<group>"; };
		FFFDA21F271F62E4001E313C /* Assets.xcassets */ = {isa = PBXFileReference; lastKnownFileType = folder.assetcatalog; path = Assets.xcassets; sourceTree = "<group>"; };
		FFFDA222271F62E4001E313C /* Base */ = {isa = PBXFileReference; lastKnownFileType = file.storyboard; name = Base; path = Base.lproj/LaunchScreen.storyboard; sourceTree = "<group>"; };
		FFFDA224271F62E4001E313C /* Info.plist */ = {isa = PBXFileReference; lastKnownFileType = text.plist.xml; path = Info.plist; sourceTree = "<group>"; };
		FFFDA22D271FBD0E001E313C /* LocationTableViewController.swift */ = {isa = PBXFileReference; lastKnownFileType = sourcecode.swift; path = LocationTableViewController.swift; sourceTree = "<group>"; };
/* End PBXFileReference section */

/* Begin PBXFrameworksBuildPhase section */
		FFFDA210271F62E2001E313C /* Frameworks */ = {
			isa = PBXFrameworksBuildPhase;
			buildActionMask = 2147483647;
			files = (
			);
			runOnlyForDeploymentPostprocessing = 0;
		};
/* End PBXFrameworksBuildPhase section */

/* Begin PBXGroup section */
		FFFDA20A271F62E2001E313C = {
			isa = PBXGroup;
			children = (
				FFFDA215271F62E2001E313C /* WeatherExtension */,
				FFFDA214271F62E2001E313C /* Products */,
			);
			sourceTree = "<group>";
		};
		FFFDA214271F62E2001E313C /* Products */ = {
			isa = PBXGroup;
			children = (
				FFFDA213271F62E2001E313C /* WeatherExtension.app */,
			);
			name = Products;
			sourceTree = "<group>";
		};
		FFFDA215271F62E2001E313C /* WeatherExtension */ = {
			isa = PBXGroup;
			children = (
				FFFDA216271F62E2001E313C /* AppDelegate.swift */,
				FFFDA218271F62E2001E313C /* SceneDelegate.swift */,
				FFFDA22C271F643D001E313C /* Model */,
				FFFDA22B271F6404001E313C /* View */,
				FFFDA22A271F63EB001E313C /* Controller */,
				FFFDA21F271F62E4001E313C /* Assets.xcassets */,
				FFFDA221271F62E4001E313C /* LaunchScreen.storyboard */,
				FFFDA224271F62E4001E313C /* Info.plist */,
			);
			path = WeatherExtension;
			sourceTree = "<group>";
		};
		FFFDA22A271F63EB001E313C /* Controller */ = {
			isa = PBXGroup;
			children = (
				FFFDA21A271F62E2001E313C /* ViewController.swift */,
				FFFDA22D271FBD0E001E313C /* LocationTableViewController.swift */,
			);
			path = Controller;
			sourceTree = "<group>";
		};
		FFFDA22B271F6404001E313C /* View */ = {
			isa = PBXGroup;
			children = (
				FFFDA21C271F62E2001E313C /* Main.storyboard */,
			);
			path = View;
			sourceTree = "<group>";
		};
		FFFDA22C271F643D001E313C /* Model */ = {
			isa = PBXGroup;
			children = (
			);
			path = Model;
			sourceTree = "<group>";
		};
/* End PBXGroup section */

/* Begin PBXNativeTarget section */
		FFFDA212271F62E2001E313C /* WeatherExtension */ = {
			isa = PBXNativeTarget;
			buildConfigurationList = FFFDA227271F62E4001E313C /* Build configuration list for PBXNativeTarget "WeatherExtension" */;
			buildPhases = (
				FFFDA20F271F62E2001E313C /* Sources */,
				FFFDA210271F62E2001E313C /* Frameworks */,
				FFFDA211271F62E2001E313C /* Resources */,
			);
			buildRules = (
			);
			dependencies = (
			);
			name = WeatherExtension;
			productName = WeatherExtension;
			productReference = FFFDA213271F62E2001E313C /* WeatherExtension.app */;
			productType = "com.apple.product-type.application";
		};
/* End PBXNativeTarget section */

/* Begin PBXProject section */
		FFFDA20B271F62E2001E313C /* Project object */ = {
			isa = PBXProject;
			attributes = {
				BuildIndependentTargetsInParallel = 1;
				LastSwiftUpdateCheck = 1300;
				LastUpgradeCheck = 1300;
				TargetAttributes = {
					FFFDA212271F62E2001E313C = {
						CreatedOnToolsVersion = 13.0;
					};
				};
			};
			buildConfigurationList = FFFDA20E271F62E2001E313C /* Build configuration list for PBXProject "WeatherExtension" */;
			compatibilityVersion = "Xcode 13.0";
			developmentRegion = en;
			hasScannedForEncodings = 0;
			knownRegions = (
				en,
				Base,
			);
			mainGroup = FFFDA20A271F62E2001E313C;
			productRefGroup = FFFDA214271F62E2001E313C /* Products */;
			projectDirPath = "";
			projectRoot = "";
			targets = (
				FFFDA212271F62E2001E313C /* WeatherExtension */,
			);
		};
/* End PBXProject section */

/* Begin PBXResourcesBuildPhase section */
		FFFDA211271F62E2001E313C /* Resources */ = {
			isa = PBXResourcesBuildPhase;
			buildActionMask = 2147483647;
			files = (
				FFFDA223271F62E4001E313C /* LaunchScreen.storyboard in Resources */,
				FFFDA220271F62E4001E313C /* Assets.xcassets in Resources */,
				FFFDA21E271F62E2001E313C /* Main.storyboard in Resources */,
			);
			runOnlyForDeploymentPostprocessing = 0;
		};
/* End PBXResourcesBuildPhase section */

/* Begin PBXSourcesBuildPhase section */
		FFFDA20F271F62E2001E313C /* Sources */ = {
			isa = PBXSourcesBuildPhase;
			buildActionMask = 2147483647;
			files = (
				FFFDA22E271FBD0E001E313C /* LocationTableViewController.swift in Sources */,
				FFFDA21B271F62E2001E313C /* ViewController.swift in Sources */,
				FFFDA217271F62E2001E313C /* AppDelegate.swift in Sources */,
				FFFDA219271F62E2001E313C /* SceneDelegate.swift in Sources */,
			);
			runOnlyForDeploymentPostprocessing = 0;
		};
/* End PBXSourcesBuildPhase section */

/* Begin PBXVariantGroup section */
		FFFDA21C271F62E2001E313C /* Main.storyboard */ = {
			isa = PBXVariantGroup;
			children = (
				FFFDA21D271F62E2001E313C /* Base */,
			);
			name = Main.storyboard;
			sourceTree = "<group>";
		};
		FFFDA221271F62E4001E313C /* LaunchScreen.storyboard */ = {
			isa = PBXVariantGroup;
			children = (
				FFFDA222271F62E4001E313C /* Base */,
			);
			name = LaunchScreen.storyboard;
			sourceTree = "<group>";
		};
/* End PBXVariantGroup section */

/* Begin XCBuildConfiguration section */
		FFFDA225271F62E4001E313C /* Debug */ = {
			isa = XCBuildConfiguration;
			buildSettings = {
				ALWAYS_SEARCH_USER_PATHS = NO;
				CLANG_ANALYZER_NONNULL = YES;
				CLANG_ANALYZER_NUMBER_OBJECT_CONVERSION = YES_AGGRESSIVE;
				CLANG_CXX_LANGUAGE_STANDARD = "gnu++17";
				CLANG_CXX_LIBRARY = "libc++";
				CLANG_ENABLE_MODULES = YES;
				CLANG_ENABLE_OBJC_ARC = YES;
				CLANG_ENABLE_OBJC_WEAK = YES;
				CLANG_WARN_BLOCK_CAPTURE_AUTORELEASING = YES;
				CLANG_WARN_BOOL_CONVERSION = YES;
				CLANG_WARN_COMMA = YES;
				CLANG_WARN_CONSTANT_CONVERSION = YES;
				CLANG_WARN_DEPRECATED_OBJC_IMPLEMENTATIONS = YES;
				CLANG_WARN_DIRECT_OBJC_ISA_USAGE = YES_ERROR;
				CLANG_WARN_DOCUMENTATION_COMMENTS = YES;
				CLANG_WARN_EMPTY_BODY = YES;
				CLANG_WARN_ENUM_CONVERSION = YES;
				CLANG_WARN_INFINITE_RECURSION = YES;
				CLANG_WARN_INT_CONVERSION = YES;
				CLANG_WARN_NON_LITERAL_NULL_CONVERSION = YES;
				CLANG_WARN_OBJC_IMPLICIT_RETAIN_SELF = YES;
				CLANG_WARN_OBJC_LITERAL_CONVERSION = YES;
				CLANG_WARN_OBJC_ROOT_CLASS = YES_ERROR;
				CLANG_WARN_QUOTED_INCLUDE_IN_FRAMEWORK_HEADER = YES;
				CLANG_WARN_RANGE_LOOP_ANALYSIS = YES;
				CLANG_WARN_STRICT_PROTOTYPES = YES;
				CLANG_WARN_SUSPICIOUS_MOVE = YES;
				CLANG_WARN_UNGUARDED_AVAILABILITY = YES_AGGRESSIVE;
				CLANG_WARN_UNREACHABLE_CODE = YES;
				CLANG_WARN__DUPLICATE_METHOD_MATCH = YES;
				COPY_PHASE_STRIP = NO;
				DEBUG_INFORMATION_FORMAT = dwarf;
				ENABLE_STRICT_OBJC_MSGSEND = YES;
				ENABLE_TESTABILITY = YES;
				GCC_C_LANGUAGE_STANDARD = gnu11;
				GCC_DYNAMIC_NO_PIC = NO;
				GCC_NO_COMMON_BLOCKS = YES;
				GCC_OPTIMIZATION_LEVEL = 0;
				GCC_PREPROCESSOR_DEFINITIONS = (
					"DEBUG=1",
					"$(inherited)",
				);
				GCC_WARN_64_TO_32_BIT_CONVERSION = YES;
				GCC_WARN_ABOUT_RETURN_TYPE = YES_ERROR;
				GCC_WARN_UNDECLARED_SELECTOR = YES;
				GCC_WARN_UNINITIALIZED_AUTOS = YES_AGGRESSIVE;
				GCC_WARN_UNUSED_FUNCTION = YES;
				GCC_WARN_UNUSED_VARIABLE = YES;
				IPHONEOS_DEPLOYMENT_TARGET = 15.0;
				MTL_ENABLE_DEBUG_INFO = INCLUDE_SOURCE;
				MTL_FAST_MATH = YES;
				ONLY_ACTIVE_ARCH = YES;
				SDKROOT = iphoneos;
				SWIFT_ACTIVE_COMPILATION_CONDITIONS = DEBUG;
				SWIFT_OPTIMIZATION_LEVEL = "-Onone";
			};
			name = Debug;
		};
		FFFDA226271F62E4001E313C /* Release */ = {
			isa = XCBuildConfiguration;
			buildSettings = {
				ALWAYS_SEARCH_USER_PATHS = NO;
				CLANG_ANALYZER_NONNULL = YES;
				CLANG_ANALYZER_NUMBER_OBJECT_CONVERSION = YES_AGGRESSIVE;
				CLANG_CXX_LANGUAGE_STANDARD = "gnu++17";
				CLANG_CXX_LIBRARY = "libc++";
				CLANG_ENABLE_MODULES = YES;
				CLANG_ENABLE_OBJC_ARC = YES;
				CLANG_ENABLE_OBJC_WEAK = YES;
				CLANG_WARN_BLOCK_CAPTURE_AUTORELEASING = YES;
				CLANG_WARN_BOOL_CONVERSION = YES;
				CLANG_WARN_COMMA = YES;
				CLANG_WARN_CONSTANT_CONVERSION = YES;
				CLANG_WARN_DEPRECATED_OBJC_IMPLEMENTATIONS = YES;
				CLANG_WARN_DIRECT_OBJC_ISA_USAGE = YES_ERROR;
				CLANG_WARN_DOCUMENTATION_COMMENTS = YES;
				CLANG_WARN_EMPTY_BODY = YES;
				CLANG_WARN_ENUM_CONVERSION = YES;
				CLANG_WARN_INFINITE_RECURSION = YES;
				CLANG_WARN_INT_CONVERSION = YES;
				CLANG_WARN_NON_LITERAL_NULL_CONVERSION = YES;
				CLANG_WARN_OBJC_IMPLICIT_RETAIN_SELF = YES;
				CLANG_WARN_OBJC_LITERAL_CONVERSION = YES;
				CLANG_WARN_OBJC_ROOT_CLASS = YES_ERROR;
				CLANG_WARN_QUOTED_INCLUDE_IN_FRAMEWORK_HEADER = YES;
				CLANG_WARN_RANGE_LOOP_ANALYSIS = YES;
				CLANG_WARN_STRICT_PROTOTYPES = YES;
				CLANG_WARN_SUSPICIOUS_MOVE = YES;
				CLANG_WARN_UNGUARDED_AVAILABILITY = YES_AGGRESSIVE;
				CLANG_WARN_UNREACHABLE_CODE = YES;
				CLANG_WARN__DUPLICATE_METHOD_MATCH = YES;
				COPY_PHASE_STRIP = NO;
				DEBUG_INFORMATION_FORMAT = "dwarf-with-dsym";
				ENABLE_NS_ASSERTIONS = NO;
				ENABLE_STRICT_OBJC_MSGSEND = YES;
				GCC_C_LANGUAGE_STANDARD = gnu11;
				GCC_NO_COMMON_BLOCKS = YES;
				GCC_WARN_64_TO_32_BIT_CONVERSION = YES;
				GCC_WARN_ABOUT_RETURN_TYPE = YES_ERROR;
				GCC_WARN_UNDECLARED_SELECTOR = YES;
				GCC_WARN_UNINITIALIZED_AUTOS = YES_AGGRESSIVE;
				GCC_WARN_UNUSED_FUNCTION = YES;
				GCC_WARN_UNUSED_VARIABLE = YES;
				IPHONEOS_DEPLOYMENT_TARGET = 15.0;
				MTL_ENABLE_DEBUG_INFO = NO;
				MTL_FAST_MATH = YES;
				SDKROOT = iphoneos;
				SWIFT_COMPILATION_MODE = wholemodule;
				SWIFT_OPTIMIZATION_LEVEL = "-O";
				VALIDATE_PRODUCT = YES;
			};
			name = Release;
		};
		FFFDA228271F62E4001E313C /* Debug */ = {
			isa = XCBuildConfiguration;
			buildSettings = {
				ASSETCATALOG_COMPILER_APPICON_NAME = AppIcon;
				ASSETCATALOG_COMPILER_GLOBAL_ACCENT_COLOR_NAME = AccentColor;
				CODE_SIGN_STYLE = Automatic;
				CURRENT_PROJECT_VERSION = 1;
				DEVELOPMENT_TEAM = 35947CTM63;
				GENERATE_INFOPLIST_FILE = YES;
				INFOPLIST_FILE = WeatherExtension/Info.plist;
				INFOPLIST_KEY_UIApplicationSupportsIndirectInputEvents = YES;
				INFOPLIST_KEY_UILaunchStoryboardName = LaunchScreen;
				INFOPLIST_KEY_UIMainStoryboardFile = Main;
				INFOPLIST_KEY_UISupportedInterfaceOrientations_iPad = "UIInterfaceOrientationPortrait UIInterfaceOrientationPortraitUpsideDown UIInterfaceOrientationLandscapeLeft UIInterfaceOrientationLandscapeRight";
				INFOPLIST_KEY_UISupportedInterfaceOrientations_iPhone = "UIInterfaceOrientationPortrait UIInterfaceOrientationLandscapeLeft UIInterfaceOrientationLandscapeRight";
				LD_RUNPATH_SEARCH_PATHS = (
					"$(inherited)",
					"@executable_path/Frameworks",
				);
				MARKETING_VERSION = 1.0;
				PRODUCT_BUNDLE_IDENTIFIER = com.golder.WeatherExtension;
				PRODUCT_NAME = "$(TARGET_NAME)";
				SWIFT_EMIT_LOC_STRINGS = YES;
				SWIFT_VERSION = 5.0;
				TARGETED_DEVICE_FAMILY = "1,2";
			};
			name = Debug;
		};
		FFFDA229271F62E4001E313C /* Release */ = {
			isa = XCBuildConfiguration;
			buildSettings = {
				ASSETCATALOG_COMPILER_APPICON_NAME = AppIcon;
				ASSETCATALOG_COMPILER_GLOBAL_ACCENT_COLOR_NAME = AccentColor;
				CODE_SIGN_STYLE = Automatic;
				CURRENT_PROJECT_VERSION = 1;
				DEVELOPMENT_TEAM = 35947CTM63;
				GENERATE_INFOPLIST_FILE = YES;
				INFOPLIST_FILE = WeatherExtension/Info.plist;
				INFOPLIST_KEY_UIApplicationSupportsIndirectInputEvents = YES;
				INFOPLIST_KEY_UILaunchStoryboardName = LaunchScreen;
				INFOPLIST_KEY_UIMainStoryboardFile = Main;
				INFOPLIST_KEY_UISupportedInterfaceOrientations_iPad = "UIInterfaceOrientationPortrait UIInterfaceOrientationPortraitUpsideDown UIInterfaceOrientationLandscapeLeft UIInterfaceOrientationLandscapeRight";
				INFOPLIST_KEY_UISupportedInterfaceOrientations_iPhone = "UIInterfaceOrientationPortrait UIInterfaceOrientationLandscapeLeft UIInterfaceOrientationLandscapeRight";
				LD_RUNPATH_SEARCH_PATHS = (
					"$(inherited)",
					"@executable_path/Frameworks",
				);
				MARKETING_VERSION = 1.0;
				PRODUCT_BUNDLE_IDENTIFIER = com.golder.WeatherExtension;
				PRODUCT_NAME = "$(TARGET_NAME)";
				SWIFT_EMIT_LOC_STRINGS = YES;
				SWIFT_VERSION = 5.0;
				TARGETED_DEVICE_FAMILY = "1,2";
			};
			name = Release;
		};
/* End XCBuildConfiguration section */

/* Begin XCConfigurationList section */
		FFFDA20E271F62E2001E313C /* Build configuration list for PBXProject "WeatherExtension" */ = {
			isa = XCConfigurationList;
			buildConfigurations = (
				FFFDA225271F62E4001E313C /* Debug */,
				FFFDA226271F62E4001E313C /* Release */,
			);
			defaultConfigurationIsVisible = 0;
			defaultConfigurationName = Release;
		};
		FFFDA227271F62E4001E313C /* Build configuration list for PBXNativeTarget "WeatherExtension" */ = {
			isa = XCConfigurationList;
			buildConfigurations = (
				FFFDA228271F62E4001E313C /* Debug */,
				FFFDA229271F62E4001E313C /* Release */,
			);
			defaultConfigurationIsVisible = 0;
			defaultConfigurationName = Release;
		};
/* End XCConfigurationList section */
	};
	rootObject = FFFDA20B271F62E2001E313C /* Project object */;
}
